{
  "name": "anticore-tools",
  "version": "1.0.6",
  "lockfileVersion": 1,
  "requires": true,
  "dependencies": {
    "anticore": {
      "version": "1.9.1",
      "resolved": "https://registry.npmjs.org/anticore/-/anticore-1.9.1.tgz",
      "integrity": "sha512-V2htPrstfhNp+a14ZmTgBmjfycO408fSZKwXdLa0uBVnTUlZhUETCuKDISZm2uW1Ka45KJXHdPmHE4UbkXG8JA==",
      "dev": true
    }
  }
}
